// !$*UTF8*$!
{
	archiveVersion = 1;
	classes = {
	};
	objectVersion = 48;
	objects = {

/* Begin PBXBuildFile section */
		8F4E5F8A1F74912700FA572A /* SwiftStone.framework in Frameworks */ = {isa = PBXBuildFile; fileRef = 8F4E5F801F74912700FA572A /* SwiftStone.framework */; };
		8F4E5F8F1F74912700FA572A /* SwiftStoneTests.swift in Sources */ = {isa = PBXBuildFile; fileRef = 8F4E5F8E1F74912700FA572A /* SwiftStoneTests.swift */; };
		8F4E5F911F74912700FA572A /* SwiftStone.h in Headers */ = {isa = PBXBuildFile; fileRef = 8F4E5F831F74912700FA572A /* SwiftStone.h */; settings = {ATTRIBUTES = (Public, ); }; };
		8F4E5FCD1F74927C00FA572A /* Capstone.framework in Frameworks */ = {isa = PBXBuildFile; fileRef = 8F4E5FB11F74923000FA572A /* Capstone.framework */; };
		8F4E5FCF1F74929000FA572A /* Capstone.framework in CopyFiles */ = {isa = PBXBuildFile; fileRef = 8F4E5FB11F74923000FA572A /* Capstone.framework */; settings = {ATTRIBUTES = (CodeSignOnCopy, RemoveHeadersOnCopy, ); }; };
		8F4E5FD11F7492E000FA572A /* SwiftStone.swift in Sources */ = {isa = PBXBuildFile; fileRef = 8F4E5FD01F7492E000FA572A /* SwiftStone.swift */; };
		8F4E5FD31F7494EE00FA572A /* Architecture.swift in Sources */ = {isa = PBXBuildFile; fileRef = 8F4E5FD21F7494EE00FA572A /* Architecture.swift */; };
		8F4E5FD51F7495FB00FA572A /* Mode.swift in Sources */ = {isa = PBXBuildFile; fileRef = 8F4E5FD41F7495FB00FA572A /* Mode.swift */; };
		8F4E5FD71F7498CD00FA572A /* SwiftStone+Error.swift in Sources */ = {isa = PBXBuildFile; fileRef = 8F4E5FD61F7498CD00FA572A /* SwiftStone+Error.swift */; };
/* End PBXBuildFile section */

/* Begin PBXContainerItemProxy section */
		8F4E5F8B1F74912700FA572A /* PBXContainerItemProxy */ = {
			isa = PBXContainerItemProxy;
			containerPortal = 8F4E5F771F74912700FA572A /* Project object */;
			proxyType = 1;
			remoteGlobalIDString = 8F4E5F7F1F74912700FA572A;
			remoteInfo = SwiftStone;
		};
		8F4E5FAC1F74923000FA572A /* PBXContainerItemProxy */ = {
			isa = PBXContainerItemProxy;
			containerPortal = 8F4E5F9A1F74923000FA572A /* Capstone.xcodeproj */;
			proxyType = 2;
			remoteGlobalIDString = DCFE23BD19DDCC2D00EF8EA9;
			remoteInfo = CapstoneStatic;
		};
		8F4E5FAE1F74923000FA572A /* PBXContainerItemProxy */ = {
			isa = PBXContainerItemProxy;
			containerPortal = 8F4E5F9A1F74923000FA572A /* Capstone.xcodeproj */;
			proxyType = 2;
			remoteGlobalIDString = DCFE23CD19DDCC9500EF8EA9;
			remoteInfo = CapstoneDynamic;
		};
		8F4E5FB01F74923000FA572A /* PBXContainerItemProxy */ = {
			isa = PBXContainerItemProxy;
			containerPortal = 8F4E5F9A1F74923000FA572A /* Capstone.xcodeproj */;
			proxyType = 2;
			remoteGlobalIDString = DC474F6819DE6F3B00BCA449;
			remoteInfo = CapstoneFramework;
		};
		8F4E5FB21F74923000FA572A /* PBXContainerItemProxy */ = {
			isa = PBXContainerItemProxy;
			containerPortal = 8F4E5F9A1F74923000FA572A /* Capstone.xcodeproj */;
			proxyType = 2;
			remoteGlobalIDString = DC474E6419DDEA5F00BCA449;
			remoteInfo = test_basic;
		};
		8F4E5FB41F74923000FA572A /* PBXContainerItemProxy */ = {
			isa = PBXContainerItemProxy;
			containerPortal = 8F4E5F9A1F74923000FA572A /* Capstone.xcodeproj */;
			proxyType = 2;
			remoteGlobalIDString = DC474E8619DDEAA200BCA449;
			remoteInfo = test_arm;
		};
		8F4E5FB61F74923000FA572A /* PBXContainerItemProxy */ = {
			isa = PBXContainerItemProxy;
			containerPortal = 8F4E5F9A1F74923000FA572A /* Capstone.xcodeproj */;
			proxyType = 2;
			remoteGlobalIDString = DC474EEA19DDEAE400BCA449;
			remoteInfo = test_arm64;
		};
		8F4E5FB81F74923000FA572A /* PBXContainerItemProxy */ = {
			isa = PBXContainerItemProxy;
			containerPortal = 8F4E5F9A1F74923000FA572A /* Capstone.xcodeproj */;
			proxyType = 2;
			remoteGlobalIDString = DC474E9119DDEAA700BCA449;
			remoteInfo = test_detail;
		};
		8F4E5FBA1F74923000FA572A /* PBXContainerItemProxy */ = {
			isa = PBXContainerItemProxy;
			containerPortal = 8F4E5F9A1F74923000FA572A /* Capstone.xcodeproj */;
			proxyType = 2;
			remoteGlobalIDString = DC5BFF4019EE544E008CA585;
			remoteInfo = test_iter;
		};
		8F4E5FBC1F74923000FA572A /* PBXContainerItemProxy */ = {
			isa = PBXContainerItemProxy;
			containerPortal = 8F4E5F9A1F74923000FA572A /* Capstone.xcodeproj */;
			proxyType = 2;
			remoteGlobalIDString = DC474E9C19DDEAAC00BCA449;
			remoteInfo = test_mips;
		};
		8F4E5FBE1F74923000FA572A /* PBXContainerItemProxy */ = {
			isa = PBXContainerItemProxy;
			containerPortal = 8F4E5F9A1F74923000FA572A /* Capstone.xcodeproj */;
			proxyType = 2;
			remoteGlobalIDString = DC474EA719DDEAB000BCA449;
			remoteInfo = test_ppc;
		};
		8F4E5FC01F74923000FA572A /* PBXContainerItemProxy */ = {
			isa = PBXContainerItemProxy;
			containerPortal = 8F4E5F9A1F74923000FA572A /* Capstone.xcodeproj */;
			proxyType = 2;
			remoteGlobalIDString = DC474EB219DDEAB700BCA449;
			remoteInfo = test_skipdata;
		};
		8F4E5FC21F74923000FA572A /* PBXContainerItemProxy */ = {
			isa = PBXContainerItemProxy;
			containerPortal = 8F4E5F9A1F74923000FA572A /* Capstone.xcodeproj */;
			proxyType = 2;
			remoteGlobalIDString = DC474EBD19DDEABC00BCA449;
			remoteInfo = test_sparc;
		};
		8F4E5FC41F74923000FA572A /* PBXContainerItemProxy */ = {
			isa = PBXContainerItemProxy;
			containerPortal = 8F4E5F9A1F74923000FA572A /* Capstone.xcodeproj */;
			proxyType = 2;
			remoteGlobalIDString = DC474EC819DDEAC100BCA449;
			remoteInfo = test_systemz;
		};
		8F4E5FC61F74923000FA572A /* PBXContainerItemProxy */ = {
			isa = PBXContainerItemProxy;
			containerPortal = 8F4E5F9A1F74923000FA572A /* Capstone.xcodeproj */;
			proxyType = 2;
			remoteGlobalIDString = DC474ED319DDEAC600BCA449;
			remoteInfo = test_x86;
		};
		8F4E5FC81F74923000FA572A /* PBXContainerItemProxy */ = {
			isa = PBXContainerItemProxy;
			containerPortal = 8F4E5F9A1F74923000FA572A /* Capstone.xcodeproj */;
			proxyType = 2;
			remoteGlobalIDString = DC474EDE19DDEACC00BCA449;
			remoteInfo = test_xcore;
		};
		8F4E5FCA1F74925A00FA572A /* PBXContainerItemProxy */ = {
			isa = PBXContainerItemProxy;
			containerPortal = 8F4E5F9A1F74923000FA572A /* Capstone.xcodeproj */;
			proxyType = 1;
			remoteGlobalIDString = DC474F6719DE6F3B00BCA449;
			remoteInfo = CapstoneFramework;
		};
/* End PBXContainerItemProxy section */

/* Begin PBXCopyFilesBuildPhase section */
		8F4E5FCE1F74928300FA572A /* CopyFiles */ = {
			isa = PBXCopyFilesBuildPhase;
			buildActionMask = 2147483647;
			dstPath = "";
			dstSubfolderSpec = 10;
			files = (
				8F4E5FCF1F74929000FA572A /* Capstone.framework in CopyFiles */,
			);
			runOnlyForDeploymentPostprocessing = 0;
		};
/* End PBXCopyFilesBuildPhase section */

/* Begin PBXFileReference section */
		8F4E5F801F74912700FA572A /* SwiftStone.framework */ = {isa = PBXFileReference; explicitFileType = wrapper.framework; includeInIndex = 0; path = SwiftStone.framework; sourceTree = BUILT_PRODUCTS_DIR; };
		8F4E5F831F74912700FA572A /* SwiftStone.h */ = {isa = PBXFileReference; lastKnownFileType = sourcecode.c.h; path = SwiftStone.h; sourceTree = "<group>"; };
		8F4E5F841F74912700FA572A /* Info.plist */ = {isa = PBXFileReference; lastKnownFileType = text.plist.xml; path = Info.plist; sourceTree = "<group>"; };
		8F4E5F891F74912700FA572A /* SwiftStoneTests.xctest */ = {isa = PBXFileReference; explicitFileType = wrapper.cfbundle; includeInIndex = 0; path = SwiftStoneTests.xctest; sourceTree = BUILT_PRODUCTS_DIR; };
		8F4E5F8E1F74912700FA572A /* SwiftStoneTests.swift */ = {isa = PBXFileReference; lastKnownFileType = sourcecode.swift; path = SwiftStoneTests.swift; sourceTree = "<group>"; };
		8F4E5F901F74912700FA572A /* Info.plist */ = {isa = PBXFileReference; lastKnownFileType = text.plist.xml; path = Info.plist; sourceTree = "<group>"; };
		8F4E5F9A1F74923000FA572A /* Capstone.xcodeproj */ = {isa = PBXFileReference; lastKnownFileType = "wrapper.pb-project"; name = Capstone.xcodeproj; path = External/capstone/xcode/Capstone.xcodeproj; sourceTree = SOURCE_ROOT; };
		8F4E5FD01F7492E000FA572A /* SwiftStone.swift */ = {isa = PBXFileReference; lastKnownFileType = sourcecode.swift; path = SwiftStone.swift; sourceTree = "<group>"; };
		8F4E5FD21F7494EE00FA572A /* Architecture.swift */ = {isa = PBXFileReference; lastKnownFileType = sourcecode.swift; path = Architecture.swift; sourceTree = "<group>"; };
		8F4E5FD41F7495FB00FA572A /* Mode.swift */ = {isa = PBXFileReference; lastKnownFileType = sourcecode.swift; path = Mode.swift; sourceTree = "<group>"; };
		8F4E5FD61F7498CD00FA572A /* SwiftStone+Error.swift */ = {isa = PBXFileReference; lastKnownFileType = sourcecode.swift; path = "SwiftStone+Error.swift"; sourceTree = "<group>"; };
/* End PBXFileReference section */

/* Begin PBXFrameworksBuildPhase section */
		8F4E5F7C1F74912700FA572A /* Frameworks */ = {
			isa = PBXFrameworksBuildPhase;
			buildActionMask = 2147483647;
			files = (
				8F4E5FCD1F74927C00FA572A /* Capstone.framework in Frameworks */,
			);
			runOnlyForDeploymentPostprocessing = 0;
		};
		8F4E5F861F74912700FA572A /* Frameworks */ = {
			isa = PBXFrameworksBuildPhase;
			buildActionMask = 2147483647;
			files = (
				8F4E5F8A1F74912700FA572A /* SwiftStone.framework in Frameworks */,
			);
			runOnlyForDeploymentPostprocessing = 0;
		};
/* End PBXFrameworksBuildPhase section */

/* Begin PBXGroup section */
		8F4E5F761F74912700FA572A = {
			isa = PBXGroup;
			children = (
				8F4E5F821F74912700FA572A /* SwiftStone */,
				8F4E5F8D1F74912700FA572A /* SwiftStoneTests */,
				8F4E5F811F74912700FA572A /* Products */,
				8F4E5FCC1F74927C00FA572A /* Frameworks */,
			);
			sourceTree = "<group>";
		};
		8F4E5F811F74912700FA572A /* Products */ = {
			isa = PBXGroup;
			children = (
				8F4E5F801F74912700FA572A /* SwiftStone.framework */,
				8F4E5F891F74912700FA572A /* SwiftStoneTests.xctest */,
			);
			name = Products;
			sourceTree = "<group>";
		};
		8F4E5F821F74912700FA572A /* SwiftStone */ = {
			isa = PBXGroup;
			children = (
				8F4E5F831F74912700FA572A /* SwiftStone.h */,
				8F4E5FD01F7492E000FA572A /* SwiftStone.swift */,
				8F4E5FD21F7494EE00FA572A /* Architecture.swift */,
				8F4E5FD41F7495FB00FA572A /* Mode.swift */,
				8F4E5FD61F7498CD00FA572A /* SwiftStone+Error.swift */,
				8F4E5F9A1F74923000FA572A /* Capstone.xcodeproj */,
				8F4E5F841F74912700FA572A /* Info.plist */,
			);
			path = SwiftStone;
			sourceTree = "<group>";
		};
		8F4E5F8D1F74912700FA572A /* SwiftStoneTests */ = {
			isa = PBXGroup;
			children = (
				8F4E5F8E1F74912700FA572A /* SwiftStoneTests.swift */,
				8F4E5F901F74912700FA572A /* Info.plist */,
			);
			path = SwiftStoneTests;
			sourceTree = "<group>";
		};
		8F4E5F9B1F74923000FA572A /* Products */ = {
			isa = PBXGroup;
			children = (
				8F4E5FAD1F74923000FA572A /* libcapstone.a */,
				8F4E5FAF1F74923000FA572A /* libcapstone.dylib */,
				8F4E5FB11F74923000FA572A /* Capstone.framework */,
				8F4E5FB31F74923000FA572A /* test */,
				8F4E5FB51F74923000FA572A /* test_arm */,
				8F4E5FB71F74923000FA572A /* test_arm64 */,
				8F4E5FB91F74923000FA572A /* test_detail */,
				8F4E5FBB1F74923000FA572A /* test_iter */,
				8F4E5FBD1F74923000FA572A /* test_mips */,
				8F4E5FBF1F74923000FA572A /* test_ppc */,
				8F4E5FC11F74923000FA572A /* test_skipdata */,
				8F4E5FC31F74923000FA572A /* test_sparc */,
				8F4E5FC51F74923000FA572A /* test_systemz */,
				8F4E5FC71F74923000FA572A /* test_x86 */,
				8F4E5FC91F74923000FA572A /* test_xcore */,
			);
			name = Products;
			sourceTree = "<group>";
		};
		8F4E5FCC1F74927C00FA572A /* Frameworks */ = {
			isa = PBXGroup;
			children = (
			);
			name = Frameworks;
			sourceTree = "<group>";
		};
/* End PBXGroup section */

/* Begin PBXHeadersBuildPhase section */
		8F4E5F7D1F74912700FA572A /* Headers */ = {
			isa = PBXHeadersBuildPhase;
			buildActionMask = 2147483647;
			files = (
				8F4E5F911F74912700FA572A /* SwiftStone.h in Headers */,
			);
			runOnlyForDeploymentPostprocessing = 0;
		};
/* End PBXHeadersBuildPhase section */

/* Begin PBXNativeTarget section */
		8F4E5F7F1F74912700FA572A /* SwiftStone */ = {
			isa = PBXNativeTarget;
			buildConfigurationList = 8F4E5F941F74912700FA572A /* Build configuration list for PBXNativeTarget "SwiftStone" */;
			buildPhases = (
				8F4E5F7B1F74912700FA572A /* Sources */,
				8F4E5F7C1F74912700FA572A /* Frameworks */,
				8F4E5F7D1F74912700FA572A /* Headers */,
				8F4E5F7E1F74912700FA572A /* Resources */,
				8F4E5FCE1F74928300FA572A /* CopyFiles */,
			);
			buildRules = (
			);
			dependencies = (
				8F4E5FCB1F74925A00FA572A /* PBXTargetDependency */,
			);
			name = SwiftStone;
			productName = SwiftStone;
			productReference = 8F4E5F801F74912700FA572A /* SwiftStone.framework */;
			productType = "com.apple.product-type.framework";
		};
		8F4E5F881F74912700FA572A /* SwiftStoneTests */ = {
			isa = PBXNativeTarget;
			buildConfigurationList = 8F4E5F971F74912700FA572A /* Build configuration list for PBXNativeTarget "SwiftStoneTests" */;
			buildPhases = (
				8F4E5F851F74912700FA572A /* Sources */,
				8F4E5F861F74912700FA572A /* Frameworks */,
				8F4E5F871F74912700FA572A /* Resources */,
			);
			buildRules = (
			);
			dependencies = (
				8F4E5F8C1F74912700FA572A /* PBXTargetDependency */,
			);
			name = SwiftStoneTests;
			productName = SwiftStoneTests;
			productReference = 8F4E5F891F74912700FA572A /* SwiftStoneTests.xctest */;
			productType = "com.apple.product-type.bundle.unit-test";
		};
/* End PBXNativeTarget section */

/* Begin PBXProject section */
		8F4E5F771F74912700FA572A /* Project object */ = {
			isa = PBXProject;
			attributes = {
				LastSwiftUpdateCheck = 0900;
				LastUpgradeCheck = 0900;
				ORGANIZATIONNAME = "Datum Apps";
				TargetAttributes = {
					8F4E5F7F1F74912700FA572A = {
						CreatedOnToolsVersion = 9.0;
						LastSwiftMigration = 0900;
						ProvisioningStyle = Automatic;
					};
					8F4E5F881F74912700FA572A = {
						CreatedOnToolsVersion = 9.0;
						ProvisioningStyle = Automatic;
					};
				};
			};
			buildConfigurationList = 8F4E5F7A1F74912700FA572A /* Build configuration list for PBXProject "SwiftStone" */;
			compatibilityVersion = "Xcode 8.0";
			developmentRegion = en;
			hasScannedForEncodings = 0;
			knownRegions = (
				en,
			);
			mainGroup = 8F4E5F761F74912700FA572A;
			productRefGroup = 8F4E5F811F74912700FA572A /* Products */;
			projectDirPath = "";
			projectReferences = (
				{
					ProductGroup = 8F4E5F9B1F74923000FA572A /* Products */;
					ProjectRef = 8F4E5F9A1F74923000FA572A /* Capstone.xcodeproj */;
				},
			);
			projectRoot = "";
			targets = (
				8F4E5F7F1F74912700FA572A /* SwiftStone */,
				8F4E5F881F74912700FA572A /* SwiftStoneTests */,
			);
		};
/* End PBXProject section */

/* Begin PBXReferenceProxy section */
		8F4E5FAD1F74923000FA572A /* libcapstone.a */ = {
			isa = PBXReferenceProxy;
			fileType = archive.ar;
			path = libcapstone.a;
			remoteRef = 8F4E5FAC1F74923000FA572A /* PBXContainerItemProxy */;
			sourceTree = BUILT_PRODUCTS_DIR;
		};
		8F4E5FAF1F74923000FA572A /* libcapstone.dylib */ = {
			isa = PBXReferenceProxy;
			fileType = "compiled.mach-o.dylib";
			path = libcapstone.dylib;
			remoteRef = 8F4E5FAE1F74923000FA572A /* PBXContainerItemProxy */;
			sourceTree = BUILT_PRODUCTS_DIR;
		};
		8F4E5FB11F74923000FA572A /* Capstone.framework */ = {
			isa = PBXReferenceProxy;
			fileType = wrapper.framework;
			path = Capstone.framework;
			remoteRef = 8F4E5FB01F74923000FA572A /* PBXContainerItemProxy */;
			sourceTree = BUILT_PRODUCTS_DIR;
		};
		8F4E5FB31F74923000FA572A /* test */ = {
			isa = PBXReferenceProxy;
			fileType = "compiled.mach-o.executable";
			name = test;
			path = test_basic;
			remoteRef = 8F4E5FB21F74923000FA572A /* PBXContainerItemProxy */;
			sourceTree = BUILT_PRODUCTS_DIR;
		};
		8F4E5FB51F74923000FA572A /* test_arm */ = {
			isa = PBXReferenceProxy;
			fileType = "compiled.mach-o.executable";
			path = test_arm;
			remoteRef = 8F4E5FB41F74923000FA572A /* PBXContainerItemProxy */;
			sourceTree = BUILT_PRODUCTS_DIR;
		};
		8F4E5FB71F74923000FA572A /* test_arm64 */ = {
			isa = PBXReferenceProxy;
			fileType = "compiled.mach-o.executable";
			path = test_arm64;
			remoteRef = 8F4E5FB61F74923000FA572A /* PBXContainerItemProxy */;
			sourceTree = BUILT_PRODUCTS_DIR;
		};
		8F4E5FB91F74923000FA572A /* test_detail */ = {
			isa = PBXReferenceProxy;
			fileType = "compiled.mach-o.executable";
			path = test_detail;
			remoteRef = 8F4E5FB81F74923000FA572A /* PBXContainerItemProxy */;
			sourceTree = BUILT_PRODUCTS_DIR;
		};
		8F4E5FBB1F74923000FA572A /* test_iter */ = {
			isa = PBXReferenceProxy;
			fileType = "compiled.mach-o.executable";
			path = test_iter;
			remoteRef = 8F4E5FBA1F74923000FA572A /* PBXContainerItemProxy */;
			sourceTree = BUILT_PRODUCTS_DIR;
		};
		8F4E5FBD1F74923000FA572A /* test_mips */ = {
			isa = PBXReferenceProxy;
			fileType = "compiled.mach-o.executable";
			path = test_mips;
			remoteRef = 8F4E5FBC1F74923000FA572A /* PBXContainerItemProxy */;
			sourceTree = BUILT_PRODUCTS_DIR;
		};
		8F4E5FBF1F74923000FA572A /* test_ppc */ = {
			isa = PBXReferenceProxy;
			fileType = "compiled.mach-o.executable";
			path = test_ppc;
			remoteRef = 8F4E5FBE1F74923000FA572A /* PBXContainerItemProxy */;
			sourceTree = BUILT_PRODUCTS_DIR;
		};
		8F4E5FC11F74923000FA572A /* test_skipdata */ = {
			isa = PBXReferenceProxy;
			fileType = "compiled.mach-o.executable";
			path = test_skipdata;
			remoteRef = 8F4E5FC01F74923000FA572A /* PBXContainerItemProxy */;
			sourceTree = BUILT_PRODUCTS_DIR;
		};
		8F4E5FC31F74923000FA572A /* test_sparc */ = {
			isa = PBXReferenceProxy;
			fileType = "compiled.mach-o.executable";
			path = test_sparc;
			remoteRef = 8F4E5FC21F74923000FA572A /* PBXContainerItemProxy */;
			sourceTree = BUILT_PRODUCTS_DIR;
		};
		8F4E5FC51F74923000FA572A /* test_systemz */ = {
			isa = PBXReferenceProxy;
			fileType = "compiled.mach-o.executable";
			path = test_systemz;
			remoteRef = 8F4E5FC41F74923000FA572A /* PBXContainerItemProxy */;
			sourceTree = BUILT_PRODUCTS_DIR;
		};
		8F4E5FC71F74923000FA572A /* test_x86 */ = {
			isa = PBXReferenceProxy;
			fileType = "compiled.mach-o.executable";
			path = test_x86;
			remoteRef = 8F4E5FC61F74923000FA572A /* PBXContainerItemProxy */;
			sourceTree = BUILT_PRODUCTS_DIR;
		};
		8F4E5FC91F74923000FA572A /* test_xcore */ = {
			isa = PBXReferenceProxy;
			fileType = "compiled.mach-o.executable";
			path = test_xcore;
			remoteRef = 8F4E5FC81F74923000FA572A /* PBXContainerItemProxy */;
			sourceTree = BUILT_PRODUCTS_DIR;
		};
/* End PBXReferenceProxy section */

/* Begin PBXResourcesBuildPhase section */
		8F4E5F7E1F74912700FA572A /* Resources */ = {
			isa = PBXResourcesBuildPhase;
			buildActionMask = 2147483647;
			files = (
			);
			runOnlyForDeploymentPostprocessing = 0;
		};
		8F4E5F871F74912700FA572A /* Resources */ = {
			isa = PBXResourcesBuildPhase;
			buildActionMask = 2147483647;
			files = (
			);
			runOnlyForDeploymentPostprocessing = 0;
		};
/* End PBXResourcesBuildPhase section */

/* Begin PBXSourcesBuildPhase section */
		8F4E5F7B1F74912700FA572A /* Sources */ = {
			isa = PBXSourcesBuildPhase;
			buildActionMask = 2147483647;
			files = (
				8F4E5FD71F7498CD00FA572A /* SwiftStone+Error.swift in Sources */,
				8F4E5FD31F7494EE00FA572A /* Architecture.swift in Sources */,
				8F4E5FD11F7492E000FA572A /* SwiftStone.swift in Sources */,
				8F4E5FD51F7495FB00FA572A /* Mode.swift in Sources */,
			);
			runOnlyForDeploymentPostprocessing = 0;
		};
		8F4E5F851F74912700FA572A /* Sources */ = {
			isa = PBXSourcesBuildPhase;
			buildActionMask = 2147483647;
			files = (
				8F4E5F8F1F74912700FA572A /* SwiftStoneTests.swift in Sources */,
			);
			runOnlyForDeploymentPostprocessing = 0;
		};
/* End PBXSourcesBuildPhase section */

/* Begin PBXTargetDependency section */
		8F4E5F8C1F74912700FA572A /* PBXTargetDependency */ = {
			isa = PBXTargetDependency;
			target = 8F4E5F7F1F74912700FA572A /* SwiftStone */;
			targetProxy = 8F4E5F8B1F74912700FA572A /* PBXContainerItemProxy */;
		};
		8F4E5FCB1F74925A00FA572A /* PBXTargetDependency */ = {
			isa = PBXTargetDependency;
			name = CapstoneFramework;
			targetProxy = 8F4E5FCA1F74925A00FA572A /* PBXContainerItemProxy */;
		};
/* End PBXTargetDependency section */

/* Begin XCBuildConfiguration section */
		8F4E5F921F74912700FA572A /* Debug */ = {
			isa = XCBuildConfiguration;
			buildSettings = {
				ALWAYS_SEARCH_USER_PATHS = NO;
				CLANG_ANALYZER_NONNULL = YES;
				CLANG_ANALYZER_NUMBER_OBJECT_CONVERSION = YES_AGGRESSIVE;
				CLANG_CXX_LANGUAGE_STANDARD = "gnu++14";
				CLANG_CXX_LIBRARY = "libc++";
				CLANG_ENABLE_MODULES = YES;
				CLANG_ENABLE_OBJC_ARC = YES;
				CLANG_WARN_BLOCK_CAPTURE_AUTORELEASING = YES;
				CLANG_WARN_BOOL_CONVERSION = YES;
				CLANG_WARN_COMMA = YES;
				CLANG_WARN_CONSTANT_CONVERSION = YES;
				CLANG_WARN_DIRECT_OBJC_ISA_USAGE = YES_ERROR;
				CLANG_WARN_DOCUMENTATION_COMMENTS = YES;
				CLANG_WARN_EMPTY_BODY = YES;
				CLANG_WARN_ENUM_CONVERSION = YES;
				CLANG_WARN_INFINITE_RECURSION = YES;
				CLANG_WARN_INT_CONVERSION = YES;
				CLANG_WARN_NON_LITERAL_NULL_CONVERSION = YES;
				CLANG_WARN_OBJC_LITERAL_CONVERSION = YES;
				CLANG_WARN_OBJC_ROOT_CLASS = YES_ERROR;
				CLANG_WARN_RANGE_LOOP_ANALYSIS = YES;
				CLANG_WARN_STRICT_PROTOTYPES = YES;
				CLANG_WARN_SUSPICIOUS_MOVE = YES;
				CLANG_WARN_UNGUARDED_AVAILABILITY = YES_AGGRESSIVE;
				CLANG_WARN_UNREACHABLE_CODE = YES;
				CLANG_WARN__DUPLICATE_METHOD_MATCH = YES;
				CODE_SIGN_IDENTITY = "Mac Developer";
				COPY_PHASE_STRIP = NO;
				CURRENT_PROJECT_VERSION = 1;
				DEBUG_INFORMATION_FORMAT = dwarf;
				ENABLE_STRICT_OBJC_MSGSEND = YES;
				ENABLE_TESTABILITY = YES;
				GCC_C_LANGUAGE_STANDARD = gnu11;
				GCC_DYNAMIC_NO_PIC = NO;
				GCC_NO_COMMON_BLOCKS = YES;
				GCC_OPTIMIZATION_LEVEL = 0;
				GCC_PREPROCESSOR_DEFINITIONS = (
					"DEBUG=1",
					"$(inherited)",
				);
				GCC_WARN_64_TO_32_BIT_CONVERSION = YES;
				GCC_WARN_ABOUT_RETURN_TYPE = YES_ERROR;
				GCC_WARN_UNDECLARED_SELECTOR = YES;
				GCC_WARN_UNINITIALIZED_AUTOS = YES_AGGRESSIVE;
				GCC_WARN_UNUSED_FUNCTION = YES;
				GCC_WARN_UNUSED_VARIABLE = YES;
				MACOSX_DEPLOYMENT_TARGET = 10.13;
				MTL_ENABLE_DEBUG_INFO = YES;
				ONLY_ACTIVE_ARCH = YES;
				SDKROOT = macosx;
				SWIFT_ACTIVE_COMPILATION_CONDITIONS = DEBUG;
				SWIFT_OPTIMIZATION_LEVEL = "-Onone";
				VERSIONING_SYSTEM = "apple-generic";
				VERSION_INFO_PREFIX = "";
			};
			name = Debug;
		};
		8F4E5F931F74912700FA572A /* Release */ = {
			isa = XCBuildConfiguration;
			buildSettings = {
				ALWAYS_SEARCH_USER_PATHS = NO;
				CLANG_ANALYZER_NONNULL = YES;
				CLANG_ANALYZER_NUMBER_OBJECT_CONVERSION = YES_AGGRESSIVE;
				CLANG_CXX_LANGUAGE_STANDARD = "gnu++14";
				CLANG_CXX_LIBRARY = "libc++";
				CLANG_ENABLE_MODULES = YES;
				CLANG_ENABLE_OBJC_ARC = YES;
				CLANG_WARN_BLOCK_CAPTURE_AUTORELEASING = YES;
				CLANG_WARN_BOOL_CONVERSION = YES;
				CLANG_WARN_COMMA = YES;
				CLANG_WARN_CONSTANT_CONVERSION = YES;
				CLANG_WARN_DIRECT_OBJC_ISA_USAGE = YES_ERROR;
				CLANG_WARN_DOCUMENTATION_COMMENTS = YES;
				CLANG_WARN_EMPTY_BODY = YES;
				CLANG_WARN_ENUM_CONVERSION = YES;
				CLANG_WARN_INFINITE_RECURSION = YES;
				CLANG_WARN_INT_CONVERSION = YES;
				CLANG_WARN_NON_LITERAL_NULL_CONVERSION = YES;
				CLANG_WARN_OBJC_LITERAL_CONVERSION = YES;
				CLANG_WARN_OBJC_ROOT_CLASS = YES_ERROR;
				CLANG_WARN_RANGE_LOOP_ANALYSIS = YES;
				CLANG_WARN_STRICT_PROTOTYPES = YES;
				CLANG_WARN_SUSPICIOUS_MOVE = YES;
				CLANG_WARN_UNGUARDED_AVAILABILITY = YES_AGGRESSIVE;
				CLANG_WARN_UNREACHABLE_CODE = YES;
				CLANG_WARN__DUPLICATE_METHOD_MATCH = YES;
				CODE_SIGN_IDENTITY = "Mac Developer";
				COPY_PHASE_STRIP = NO;
				CURRENT_PROJECT_VERSION = 1;
				DEBUG_INFORMATION_FORMAT = "dwarf-with-dsym";
				ENABLE_NS_ASSERTIONS = NO;
				ENABLE_STRICT_OBJC_MSGSEND = YES;
				GCC_C_LANGUAGE_STANDARD = gnu11;
				GCC_NO_COMMON_BLOCKS = YES;
				GCC_WARN_64_TO_32_BIT_CONVERSION = YES;
				GCC_WARN_ABOUT_RETURN_TYPE = YES_ERROR;
				GCC_WARN_UNDECLARED_SELECTOR = YES;
				GCC_WARN_UNINITIALIZED_AUTOS = YES_AGGRESSIVE;
				GCC_WARN_UNUSED_FUNCTION = YES;
				GCC_WARN_UNUSED_VARIABLE = YES;
				MACOSX_DEPLOYMENT_TARGET = 10.13;
				MTL_ENABLE_DEBUG_INFO = NO;
				SDKROOT = macosx;
				SWIFT_OPTIMIZATION_LEVEL = "-Owholemodule";
				VERSIONING_SYSTEM = "apple-generic";
				VERSION_INFO_PREFIX = "";
			};
			name = Release;
		};
		8F4E5F951F74912700FA572A /* Debug */ = {
			isa = XCBuildConfiguration;
			buildSettings = {
				CLANG_ALLOW_NON_MODULAR_INCLUDES_IN_FRAMEWORK_MODULES = YES;
				CLANG_ENABLE_MODULES = YES;
				CODE_SIGN_IDENTITY = "";
				CODE_SIGN_STYLE = Automatic;
				COMBINE_HIDPI_IMAGES = YES;
				DEFINES_MODULE = YES;
				DEVELOPMENT_TEAM = QV4QS82KBT;
				DYLIB_COMPATIBILITY_VERSION = 1;
				DYLIB_CURRENT_VERSION = 1;
				DYLIB_INSTALL_NAME_BASE = "@rpath";
				FRAMEWORK_VERSION = A;
				INFOPLIST_FILE = SwiftStone/Info.plist;
				INSTALL_PATH = "$(LOCAL_LIBRARY_DIR)/Frameworks";
				LD_RUNPATH_SEARCH_PATHS = "$(inherited) @executable_path/../Frameworks @loader_path/Frameworks";
				PRODUCT_BUNDLE_IDENTIFIER = com.datumapps.SwiftStone;
				PRODUCT_NAME = "$(TARGET_NAME:c99extidentifier)";
				SKIP_INSTALL = YES;
				SWIFT_OPTIMIZATION_LEVEL = "-Onone";
				SWIFT_VERSION = 4.0;
			};
			name = Debug;
		};
		8F4E5F961F74912700FA572A /* Release */ = {
			isa = XCBuildConfiguration;
			buildSettings = {
				CLANG_ALLOW_NON_MODULAR_INCLUDES_IN_FRAMEWORK_MODULES = YES;
				CLANG_ENABLE_MODULES = YES;
				CODE_SIGN_IDENTITY = "";
				CODE_SIGN_STYLE = Automatic;
				COMBINE_HIDPI_IMAGES = YES;
				DEFINES_MODULE = YES;
				DEVELOPMENT_TEAM = QV4QS82KBT;
				DYLIB_COMPATIBILITY_VERSION = 1;
				DYLIB_CURRENT_VERSION = 1;
				DYLIB_INSTALL_NAME_BASE = "@rpath";
				FRAMEWORK_VERSION = A;
				INFOPLIST_FILE = SwiftStone/Info.plist;
				INSTALL_PATH = "$(LOCAL_LIBRARY_DIR)/Frameworks";
				LD_RUNPATH_SEARCH_PATHS = "$(inherited) @executable_path/../Frameworks @loader_path/Frameworks";
				PRODUCT_BUNDLE_IDENTIFIER = com.datumapps.SwiftStone;
				PRODUCT_NAME = "$(TARGET_NAME:c99extidentifier)";
				SKIP_INSTALL = YES;
				SWIFT_VERSION = 4.0;
			};
			name = Release;
		};
		8F4E5F981F74912700FA572A /* Debug */ = {
			isa = XCBuildConfiguration;
			buildSettings = {
				ALWAYS_EMBED_SWIFT_STANDARD_LIBRARIES = YES;
				CODE_SIGN_STYLE = Automatic;
				COMBINE_HIDPI_IMAGES = YES;
				DEVELOPMENT_TEAM = QV4QS82KBT;
				INFOPLIST_FILE = SwiftStoneTests/Info.plist;
				LD_RUNPATH_SEARCH_PATHS = "$(inherited) @executable_path/../Frameworks @loader_path/../Frameworks";
				PRODUCT_BUNDLE_IDENTIFIER = com.datumapps.SwiftStoneTests;
				PRODUCT_NAME = "$(TARGET_NAME)";
				SWIFT_VERSION = 4.0;
			};
			name = Debug;
		};
		8F4E5F991F74912700FA572A /* Release */ = {
			isa = XCBuildConfiguration;
			buildSettings = {
				ALWAYS_EMBED_SWIFT_STANDARD_LIBRARIES = YES;
				CODE_SIGN_STYLE = Automatic;
				COMBINE_HIDPI_IMAGES = YES;
				DEVELOPMENT_TEAM = QV4QS82KBT;
				INFOPLIST_FILE = SwiftStoneTests/Info.plist;
				LD_RUNPATH_SEARCH_PATHS = "$(inherited) @executable_path/../Frameworks @loader_path/../Frameworks";
				PRODUCT_BUNDLE_IDENTIFIER = com.datumapps.SwiftStoneTests;
				PRODUCT_NAME = "$(TARGET_NAME)";
				SWIFT_VERSION = 4.0;
			};
			name = Release;
		};
/* End XCBuildConfiguration section */

/* Begin XCConfigurationList section */
		8F4E5F7A1F74912700FA572A /* Build configuration list for PBXProject "SwiftStone" */ = {
			isa = XCConfigurationList;
			buildConfigurations = (
				8F4E5F921F74912700FA572A /* Debug */,
				8F4E5F931F74912700FA572A /* Release */,
			);
			defaultConfigurationIsVisible = 0;
			defaultConfigurationName = Release;
		};
		8F4E5F941F74912700FA572A /* Build configuration list for PBXNativeTarget "SwiftStone" */ = {
			isa = XCConfigurationList;
			buildConfigurations = (
				8F4E5F951F74912700FA572A /* Debug */,
				8F4E5F961F74912700FA572A /* Release */,
			);
			defaultConfigurationIsVisible = 0;
			defaultConfigurationName = Release;
		};
		8F4E5F971F74912700FA572A /* Build configuration list for PBXNativeTarget "SwiftStoneTests" */ = {
			isa = XCConfigurationList;
			buildConfigurations = (
				8F4E5F981F74912700FA572A /* Debug */,
				8F4E5F991F74912700FA572A /* Release */,
			);
			defaultConfigurationIsVisible = 0;
			defaultConfigurationName = Release;
		};
/* End XCConfigurationList section */
	};
	rootObject = 8F4E5F771F74912700FA572A /* Project object */;
}
